
Microsoft Visual Studio Solution File, Format Version 12.00
# Visual Studio Version 17
VisualStudioVersion = 17.3.32922.545
MinimumVisualStudioVersion = 10.0.40219.1
Project("{FAE04EC0-301F-11D3-BF4B-00C04F79EFBC}") = "ImageViever", "ImageViever\ImageViever.csproj", "{E23B19DE-C776-460B-98A8-867418C55067}"
EndProject
Global
	GlobalSection(SolutionConfigurationPlatforms) = preSolution
		Debug|Any CPU = Debug|Any CPU
		Release|Any CPU = Release|Any CPU
	EndGlobalSection
	GlobalSection(ProjectConfigurationPlatforms) = postSolution
		{E23B19DE-C776-460B-98A8-867418C55067}.Debug|Any CPU.ActiveCfg = Debug|Any CPU
		{E23B19DE-C776-460B-98A8-867418C55067}.Debug|Any CPU.Build.0 = Debug|Any CPU
		{E23B19DE-C776-460B-98A8-867418C55067}.Release|Any CPU.ActiveCfg = Release|Any CPU
		{E23B19DE-C776-460B-98A8-867418C55067}.Release|Any CPU.Build.0 = Release|Any CPU
	EndGlobalSection
	GlobalSection(SolutionProperties) = preSolution
		HideSolutionNode = FALSE
	EndGlobalSection
	GlobalSection(ExtensibilityGlobals) = postSolution
		SolutionGuid = {FF468444-F26A-4683-9C56-C57C5561F86D}
	EndGlobalSection
EndGlobal
